{
  "nodes": {
    "nixpkgs": {
      "locked": {
        "lastModified": 1783611348,
        "narHash": "sha256-fyDH6Pc/OG3DwAGwJUnBcabqaNcvhObvOTozjl9YIQ4=",
        "owner": "NixOS",
        "repo": "nixpkgs",
        "rev": "c1b67333c22af8023f29b6113feaae34b6b8bfab",
        "type": "github"
      },
      "original": {
        "owner": "NixOS",
        "repo": "nixpkgs",
        "type": "github"
      }
    },
    "root": {
      "inputs": {
        "nixpkgs": "nixpkgs"
      }
    }
  },
  "root": "root",
  "version": 7
}
